
Microsoft Visual Studio Solution File, Format Version 12.00
# Visual Studio 15
VisualStudioVersion = 15.0.28307.168
MinimumVisualStudioVersion = 10.0.40219.1
Project("{FAE04EC0-301F-11D3-BF4B-00C04F79EFBC}") = "Programming-Language-Feature", "Programming-Language-Feature\Programming-Language-Feature.csproj", "{CF2B1923-DE30-4EEF-A875-97FD2C4F47C6}"
EndProject
Global
	GlobalSection(SolutionConfigurationPlatforms) = preSolution
		Debug|Any CPU = Debug|Any CPU
		Release|Any CPU = Release|Any CPU
	EndGlobalSection
	GlobalSection(ProjectConfigurationPlatforms) = postSolution
		{CF2B1923-DE30-4EEF-A875-97FD2C4F47C6}.Debug|Any CPU.ActiveCfg = Debug|Any CPU
		{CF2B1923-DE30-4EEF-A875-97FD2C4F47C6}.Debug|Any CPU.Build.0 = Debug|Any CPU
		{CF2B1923-DE30-4EEF-A875-97FD2C4F47C6}.Release|Any CPU.ActiveCfg = Release|Any CPU
		{CF2B1923-DE30-4EEF-A875-97FD2C4F47C6}.Release|Any CPU.Build.0 = Release|Any CPU
	EndGlobalSection
	GlobalSection(SolutionProperties) = preSolution
		HideSolutionNode = FALSE
	EndGlobalSection
	GlobalSection(ExtensibilityGlobals) = postSolution
		SolutionGuid = {E5E0E93E-4FC5-4B8B-BC5C-0DF87465C1DD}
	EndGlobalSection
EndGlobal
